{
  "name": "games",
  "lockfileVersion": 3,
  "requires": true,
  "packages": {
    "": {
      "dependencies": {
        "@hexlet/co": "^0.1.10"
      },
      "bin": {
        "brain-games": "bin/brain-games.js"
      }
    },
    "node_modules/@hexlet/co": {
      "version": "0.1.10",
      "resolved": "https://registry.npmjs.org/@hexlet/co/-/co-0.1.10.tgz",
      "integrity": "sha512-5su1drFGyxUB01/SG438VIyTDImat0CWp8PBfamtmIt90S3fk2l+UR1+xnDRg3Q2QM/8SASEpxBM90E/XAnGPA=="
    }
  }
}
